// !$*UTF8*$!
{
	archiveVersion = 1;
	classes = {
	};
	objectVersion = 46;
	objects = {

/* Begin PBXBuildFile section */
		24757DFD18D593CD006D2D16 /* Foundation.framework in Frameworks */ = {isa = PBXBuildFile; fileRef = 24757DFC18D593CD006D2D16 /* Foundation.framework */; };
		24757DFF18D593CD006D2D16 /* CoreGraphics.framework in Frameworks */ = {isa = PBXBuildFile; fileRef = 24757DFE18D593CD006D2D16 /* CoreGraphics.framework */; };
		24757E0118D593CD006D2D16 /* UIKit.framework in Frameworks */ = {isa = PBXBuildFile; fileRef = 24757E0018D593CD006D2D16 /* UIKit.framework */; };
		24757E0718D593CD006D2D16 /* InfoPlist.strings in Resources */ = {isa = PBXBuildFile; fileRef = 24757E0518D593CD006D2D16 /* InfoPlist.strings */; };
		24757E0918D593CD006D2D16 /* main.m in Sources */ = {isa = PBXBuildFile; fileRef = 24757E0818D593CD006D2D16 /* main.m */; };
		24757E0D18D593CD006D2D16 /* AKAppDelegate.m in Sources */ = {isa = PBXBuildFile; fileRef = 24757E0C18D593CD006D2D16 /* AKAppDelegate.m */; };
		24757E1018D593CD006D2D16 /* Main_iPhone.storyboard in Resources */ = {isa = PBXBuildFile; fileRef = 24757E0E18D593CD006D2D16 /* Main_iPhone.storyboard */; };
		24757E1318D593CD006D2D16 /* Main_iPad.storyboard in Resources */ = {isa = PBXBuildFile; fileRef = 24757E1118D593CD006D2D16 /* Main_iPad.storyboard */; };
		24757E1618D593CD006D2D16 /* AKAddContactViewController.m in Sources */ = {isa = PBXBuildFile; fileRef = 24757E1518D593CD006D2D16 /* AKAddContactViewController.m */; };
		24757E1818D593CD006D2D16 /* Images.xcassets in Resources */ = {isa = PBXBuildFile; fileRef = 24757E1718D593CD006D2D16 /* Images.xcassets */; };
		24757E1F18D593CD006D2D16 /* XCTest.framework in Frameworks */ = {isa = PBXBuildFile; fileRef = 24757E1E18D593CD006D2D16 /* XCTest.framework */; };
		24757E2018D593CD006D2D16 /* Foundation.framework in Frameworks */ = {isa = PBXBuildFile; fileRef = 24757DFC18D593CD006D2D16 /* Foundation.framework */; };
		24757E2118D593CD006D2D16 /* UIKit.framework in Frameworks */ = {isa = PBXBuildFile; fileRef = 24757E0018D593CD006D2D16 /* UIKit.framework */; };
		24757E2918D593CD006D2D16 /* InfoPlist.strings in Resources */ = {isa = PBXBuildFile; fileRef = 24757E2718D593CD006D2D16 /* InfoPlist.strings */; };
		24757E2B18D593CD006D2D16 /* AddContactTests.m in Sources */ = {isa = PBXBuildFile; fileRef = 24757E2A18D593CD006D2D16 /* AddContactTests.m */; };
		24757E3818D59605006D2D16 /* JVFloatLabeledTextField.m in Sources */ = {isa = PBXBuildFile; fileRef = 24757E3518D59605006D2D16 /* JVFloatLabeledTextField.m */; };
		24757E3918D59605006D2D16 /* JVFloatLabeledTextView.m in Sources */ = {isa = PBXBuildFile; fileRef = 24757E3718D59605006D2D16 /* JVFloatLabeledTextView.m */; };
		24CC8C4818FACF590000181C /* AddAddressBookDetail.png in Resources */ = {isa = PBXBuildFile; fileRef = 24CC8C4718FACF590000181C /* AddAddressBookDetail.png */; };
		24CC8C4C18FACFF80000181C /* ShowAddressDetail.png in Resources */ = {isa = PBXBuildFile; fileRef = 24CC8C4B18FACFF80000181C /* ShowAddressDetail.png */; };
/* End PBXBuildFile section */

/* Begin PBXContainerItemProxy section */
		24757E2218D593CD006D2D16 /* PBXContainerItemProxy */ = {
			isa = PBXContainerItemProxy;
			containerPortal = 24757DF118D593CD006D2D16 /* Project object */;
			proxyType = 1;
			remoteGlobalIDString = 24757DF818D593CD006D2D16;
			remoteInfo = AddContact;
		};
/* End PBXContainerItemProxy section */

/* Begin PBXFileReference section */
		24757DF918D593CD006D2D16 /* AddContact.app */ = {isa = PBXFileReference; explicitFileType = wrapper.application; includeInIndex = 0; path = AddContact.app; sourceTree = BUILT_PRODUCTS_DIR; };
		24757DFC18D593CD006D2D16 /* Foundation.framework */ = {isa = PBXFileReference; lastKnownFileType = wrapper.framework; name = Foundation.framework; path = System/Library/Frameworks/Foundation.framework; sourceTree = SDKROOT; };
		24757DFE18D593CD006D2D16 /* CoreGraphics.framework */ = {isa = PBXFileReference; lastKnownFileType = wrapper.framework; name = CoreGraphics.framework; path = System/Library/Frameworks/CoreGraphics.framework; sourceTree = SDKROOT; };
		24757E0018D593CD006D2D16 /* UIKit.framework */ = {isa = PBXFileReference; lastKnownFileType = wrapper.framework; name = UIKit.framework; path = System/Library/Frameworks/UIKit.framework; sourceTree = SDKROOT; };
		24757E0418D593CD006D2D16 /* AddContact-Info.plist */ = {isa = PBXFileReference; lastKnownFileType = text.plist.xml; path = "AddContact-Info.plist"; sourceTree = "<group>"; };
		24757E0618D593CD006D2D16 /* en */ = {isa = PBXFileReference; lastKnownFileType = text.plist.strings; name = en; path = en.lproj/InfoPlist.strings; sourceTree = "<group>"; };
		24757E0818D593CD006D2D16 /* main.m */ = {isa = PBXFileReference; lastKnownFileType = sourcecode.c.objc; path = main.m; sourceTree = "<group>"; };
		24757E0A18D593CD006D2D16 /* AddContact-Prefix.pch */ = {isa = PBXFileReference; lastKnownFileType = sourcecode.c.h; path = "AddContact-Prefix.pch"; sourceTree = "<group>"; };
		24757E0B18D593CD006D2D16 /* AKAppDelegate.h */ = {isa = PBXFileReference; lastKnownFileType = sourcecode.c.h; path = AKAppDelegate.h; sourceTree = "<group>"; };
		24757E0C18D593CD006D2D16 /* AKAppDelegate.m */ = {isa = PBXFileReference; lastKnownFileType = sourcecode.c.objc; path = AKAppDelegate.m; sourceTree = "<group>"; };
		24757E0F18D593CD006D2D16 /* Base */ = {isa = PBXFileReference; lastKnownFileType = file.storyboard; name = Base; path = Base.lproj/Main_iPhone.storyboard; sourceTree = "<group>"; };
		24757E1218D593CD006D2D16 /* Base */ = {isa = PBXFileReference; lastKnownFileType = file.storyboard; name = Base; path = Base.lproj/Main_iPad.storyboard; sourceTree = "<group>"; };
		24757E1418D593CD006D2D16 /* AKAddContactViewController.h */ = {isa = PBXFileReference; lastKnownFileType = sourcecode.c.h; path = AKAddContactViewController.h; sourceTree = "<group>"; };
		24757E1518D593CD006D2D16 /* AKAddContactViewController.m */ = {isa = PBXFileReference; lastKnownFileType = sourcecode.c.objc; path = AKAddContactViewController.m; sourceTree = "<group>"; };
		24757E1718D593CD006D2D16 /* Images.xcassets */ = {isa = PBXFileReference; lastKnownFileType = folder.assetcatalog; path = Images.xcassets; sourceTree = "<group>"; };
		24757E1D18D593CD006D2D16 /* AddContactTests.xctest */ = {isa = PBXFileReference; explicitFileType = wrapper.cfbundle; includeInIndex = 0; path = AddContactTests.xctest; sourceTree = BUILT_PRODUCTS_DIR; };
		24757E1E18D593CD006D2D16 /* XCTest.framework */ = {isa = PBXFileReference; lastKnownFileType = wrapper.framework; name = XCTest.framework; path = Library/Frameworks/XCTest.framework; sourceTree = DEVELOPER_DIR; };
		24757E2618D593CD006D2D16 /* AddContactTests-Info.plist */ = {isa = PBXFileReference; lastKnownFileType = text.plist.xml; path = "AddContactTests-Info.plist"; sourceTree = "<group>"; };
		24757E2818D593CD006D2D16 /* en */ = {isa = PBXFileReference; lastKnownFileType = text.plist.strings; name = en; path = en.lproj/InfoPlist.strings; sourceTree = "<group>"; };
		24757E2A18D593CD006D2D16 /* AddContactTests.m */ = {isa = PBXFileReference; lastKnownFileType = sourcecode.c.objc; path = AddContactTests.m; sourceTree = "<group>"; };
		24757E3418D59605006D2D16 /* JVFloatLabeledTextField.h */ = {isa = PBXFileReference; fileEncoding = 4; lastKnownFileType = sourcecode.c.h; path = JVFloatLabeledTextField.h; sourceTree = "<group>"; };
		24757E3518D59605006D2D16 /* JVFloatLabeledTextField.m */ = {isa = PBXFileReference; fileEncoding = 4; lastKnownFileType = sourcecode.c.objc; path = JVFloatLabeledTextField.m; sourceTree = "<group>"; };
		24757E3618D59605006D2D16 /* JVFloatLabeledTextView.h */ = {isa = PBXFileReference; fileEncoding = 4; lastKnownFileType = sourcecode.c.h; path = JVFloatLabeledTextView.h; sourceTree = "<group>"; };
		24757E3718D59605006D2D16 /* JVFloatLabeledTextView.m */ = {isa = PBXFileReference; fileEncoding = 4; lastKnownFileType = sourcecode.c.objc; path = JVFloatLabeledTextView.m; sourceTree = "<group>"; };
		24CC8C4718FACF590000181C /* AddAddressBookDetail.png */ = {isa = PBXFileReference; lastKnownFileType = image.png; path = AddAddressBookDetail.png; sourceTree = "<group>"; };
		24CC8C4B18FACFF80000181C /* ShowAddressDetail.png */ = {isa = PBXFileReference; lastKnownFileType = image.png; path = ShowAddressDetail.png; sourceTree = "<group>"; };
/* End PBXFileReference section */

/* Begin PBXFrameworksBuildPhase section */
		24757DF618D593CD006D2D16 /* Frameworks */ = {
			isa = PBXFrameworksBuildPhase;
			buildActionMask = 2147483647;
			files = (
				24757DFF18D593CD006D2D16 /* CoreGraphics.framework in Frameworks */,
				24757E0118D593CD006D2D16 /* UIKit.framework in Frameworks */,
				24757DFD18D593CD006D2D16 /* Foundation.framework in Frameworks */,
			);
			runOnlyForDeploymentPostprocessing = 0;
		};
		24757E1A18D593CD006D2D16 /* Frameworks */ = {
			isa = PBXFrameworksBuildPhase;
			buildActionMask = 2147483647;
			files = (
				24757E1F18D593CD006D2D16 /* XCTest.framework in Frameworks */,
				24757E2118D593CD006D2D16 /* UIKit.framework in Frameworks */,
				24757E2018D593CD006D2D16 /* Foundation.framework in Frameworks */,
			);
			runOnlyForDeploymentPostprocessing = 0;
		};
/* End PBXFrameworksBuildPhase section */

/* Begin PBXGroup section */
		24757DF018D593CD006D2D16 = {
			isa = PBXGroup;
			children = (
				24757E0218D593CD006D2D16 /* AddContact */,
				24757E2418D593CD006D2D16 /* AddContactTests */,
				24757DFB18D593CD006D2D16 /* Frameworks */,
				24757DFA18D593CD006D2D16 /* Products */,
			);
			sourceTree = "<group>";
		};
		24757DFA18D593CD006D2D16 /* Products */ = {
			isa = PBXGroup;
			children = (
				24757DF918D593CD006D2D16 /* AddContact.app */,
				24757E1D18D593CD006D2D16 /* AddContactTests.xctest */,
			);
			name = Products;
			sourceTree = "<group>";
		};
		24757DFB18D593CD006D2D16 /* Frameworks */ = {
			isa = PBXGroup;
			children = (
				24757DFC18D593CD006D2D16 /* Foundation.framework */,
				24757DFE18D593CD006D2D16 /* CoreGraphics.framework */,
				24757E0018D593CD006D2D16 /* UIKit.framework */,
				24757E1E18D593CD006D2D16 /* XCTest.framework */,
			);
			name = Frameworks;
			sourceTree = "<group>";
		};
		24757E0218D593CD006D2D16 /* AddContact */ = {
			isa = PBXGroup;
			children = (
				24CC8C4D18FAD0010000181C /* Images */,
				24757E0B18D593CD006D2D16 /* AKAppDelegate.h */,
				24757E0C18D593CD006D2D16 /* AKAppDelegate.m */,
				24757E3A18D5960E006D2D16 /* CustomizedTextView */,
				24757E0E18D593CD006D2D16 /* Main_iPhone.storyboard */,
				24757E1118D593CD006D2D16 /* Main_iPad.storyboard */,
				24757E1418D593CD006D2D16 /* AKAddContactViewController.h */,
				24757E1518D593CD006D2D16 /* AKAddContactViewController.m */,
				24757E1718D593CD006D2D16 /* Images.xcassets */,
				24757E0318D593CD006D2D16 /* Supporting Files */,
			);
			path = AddContact;
			sourceTree = "<group>";
		};
		24757E0318D593CD006D2D16 /* Supporting Files */ = {
			isa = PBXGroup;
			children = (
				24757E0418D593CD006D2D16 /* AddContact-Info.plist */,
				24757E0518D593CD006D2D16 /* InfoPlist.strings */,
				24757E0818D593CD006D2D16 /* main.m */,
				24757E0A18D593CD006D2D16 /* AddContact-Prefix.pch */,
			);
			name = "Supporting Files";
			sourceTree = "<group>";
		};
		24757E2418D593CD006D2D16 /* AddContactTests */ = {
			isa = PBXGroup;
			children = (
				24757E2A18D593CD006D2D16 /* AddContactTests.m */,
				24757E2518D593CD006D2D16 /* Supporting Files */,
			);
			path = AddContactTests;
			sourceTree = "<group>";
		};
		24757E2518D593CD006D2D16 /* Supporting Files */ = {
			isa = PBXGroup;
			children = (
				24757E2618D593CD006D2D16 /* AddContactTests-Info.plist */,
				24757E2718D593CD006D2D16 /* InfoPlist.strings */,
			);
			name = "Supporting Files";
			sourceTree = "<group>";
		};
		24757E3A18D5960E006D2D16 /* CustomizedTextView */ = {
			isa = PBXGroup;
			children = (
				24757E3418D59605006D2D16 /* JVFloatLabeledTextField.h */,
				24757E3518D59605006D2D16 /* JVFloatLabeledTextField.m */,
				24757E3618D59605006D2D16 /* JVFloatLabeledTextView.h */,
				24757E3718D59605006D2D16 /* JVFloatLabeledTextView.m */,
			);
			name = CustomizedTextView;
			sourceTree = "<group>";
		};
		24CC8C4D18FAD0010000181C /* Images */ = {
			isa = PBXGroup;
			children = (
				24CC8C4B18FACFF80000181C /* ShowAddressDetail.png */,
				24CC8C4718FACF590000181C /* AddAddressBookDetail.png */,
			);
			name = Images;
			sourceTree = "<group>";
		};
/* End PBXGroup section */

/* Begin PBXNativeTarget section */
		24757DF818D593CD006D2D16 /* AddContact */ = {
			isa = PBXNativeTarget;
			buildConfigurationList = 24757E2E18D593CD006D2D16 /* Build configuration list for PBXNativeTarget "AddContact" */;
			buildPhases = (
				24757DF518D593CD006D2D16 /* Sources */,
				24757DF618D593CD006D2D16 /* Frameworks */,
				24757DF718D593CD006D2D16 /* Resources */,
			);
			buildRules = (
			);
			dependencies = (
			);
			name = AddContact;
			productName = AddContact;
			productReference = 24757DF918D593CD006D2D16 /* AddContact.app */;
			productType = "com.apple.product-type.application";
		};
		24757E1C18D593CD006D2D16 /* AddContactTests */ = {
			isa = PBXNativeTarget;
			buildConfigurationList = 24757E3118D593CD006D2D16 /* Build configuration list for PBXNativeTarget "AddContactTests" */;
			buildPhases = (
				24757E1918D593CD006D2D16 /* Sources */,
				24757E1A18D593CD006D2D16 /* Frameworks */,
				24757E1B18D593CD006D2D16 /* Resources */,
			);
			buildRules = (
			);
			dependencies = (
				24757E2318D593CD006D2D16 /* PBXTargetDependency */,
			);
			name = AddContactTests;
			productName = AddContactTests;
			productReference = 24757E1D18D593CD006D2D16 /* AddContactTests.xctest */;
			productType = "com.apple.product-type.bundle.unit-test";
		};
/* End PBXNativeTarget section */

/* Begin PBXProject section */
		24757DF118D593CD006D2D16 /* Project object */ = {
			isa = PBXProject;
			attributes = {
				CLASSPREFIX = AK;
				LastUpgradeCheck = 0510;
				ORGANIZATIONNAME = Kourtessia;
				TargetAttributes = {
					24757E1C18D593CD006D2D16 = {
						TestTargetID = 24757DF818D593CD006D2D16;
					};
				};
			};
			buildConfigurationList = 24757DF418D593CD006D2D16 /* Build configuration list for PBXProject "AddContact" */;
			compatibilityVersion = "Xcode 3.2";
			developmentRegion = English;
			hasScannedForEncodings = 0;
			knownRegions = (
				en,
				Base,
			);
			mainGroup = 24757DF018D593CD006D2D16;
			productRefGroup = 24757DFA18D593CD006D2D16 /* Products */;
			projectDirPath = "";
			projectRoot = "";
			targets = (
				24757DF818D593CD006D2D16 /* AddContact */,
				24757E1C18D593CD006D2D16 /* AddContactTests */,
			);
		};
/* End PBXProject section */

/* Begin PBXResourcesBuildPhase section */
		24757DF718D593CD006D2D16 /* Resources */ = {
			isa = PBXResourcesBuildPhase;
			buildActionMask = 2147483647;
			files = (
				24757E1318D593CD006D2D16 /* Main_iPad.storyboard in Resources */,
				24757E1818D593CD006D2D16 /* Images.xcassets in Resources */,
				24CC8C4C18FACFF80000181C /* ShowAddressDetail.png in Resources */,
				24757E1018D593CD006D2D16 /* Main_iPhone.storyboard in Resources */,
				24757E0718D593CD006D2D16 /* InfoPlist.strings in Resources */,
				24CC8C4818FACF590000181C /* AddAddressBookDetail.png in Resources */,
			);
			runOnlyForDeploymentPostprocessing = 0;
		};
		24757E1B18D593CD006D2D16 /* Resources */ = {
			isa = PBXResourcesBuildPhase;
			buildActionMask = 2147483647;
			files = (
				24757E2918D593CD006D2D16 /* InfoPlist.strings in Resources */,
			);
			runOnlyForDeploymentPostprocessing = 0;
		};
/* End PBXResourcesBuildPhase section */

/* Begin PBXSourcesBuildPhase section */
		24757DF518D593CD006D2D16 /* Sources */ = {
			isa = PBXSourcesBuildPhase;
			buildActionMask = 2147483647;
			files = (
				24757E3818D59605006D2D16 /* JVFloatLabeledTextField.m in Sources */,
				24757E0D18D593CD006D2D16 /* AKAppDelegate.m in Sources */,
				24757E1618D593CD006D2D16 /* AKAddContactViewController.m in Sources */,
				24757E0918D593CD006D2D16 /* main.m in Sources */,
				24757E3918D59605006D2D16 /* JVFloatLabeledTextView.m in Sources */,
			);
			runOnlyForDeploymentPostprocessing = 0;
		};
		24757E1918D593CD006D2D16 /* Sources */ = {
			isa = PBXSourcesBuildPhase;
			buildActionMask = 2147483647;
			files = (
				24757E2B18D593CD006D2D16 /* AddContactTests.m in Sources */,
			);
			runOnlyForDeploymentPostprocessing = 0;
		};
/* End PBXSourcesBuildPhase section */

/* Begin PBXTargetDependency section */
		24757E2318D593CD006D2D16 /* PBXTargetDependency */ = {
			isa = PBXTargetDependency;
			target = 24757DF818D593CD006D2D16 /* AddContact */;
			targetProxy = 24757E2218D593CD006D2D16 /* PBXContainerItemProxy */;
		};
/* End PBXTargetDependency section */

/* Begin PBXVariantGroup section */
		24757E0518D593CD006D2D16 /* InfoPlist.strings */ = {
			isa = PBXVariantGroup;
			children = (
				24757E0618D593CD006D2D16 /* en */,
			);
			name = InfoPlist.strings;
			sourceTree = "<group>";
		};
		24757E0E18D593CD006D2D16 /* Main_iPhone.storyboard */ = {
			isa = PBXVariantGroup;
			children = (
				24757E0F18D593CD006D2D16 /* Base */,
			);
			name = Main_iPhone.storyboard;
			sourceTree = "<group>";
		};
		24757E1118D593CD006D2D16 /* Main_iPad.storyboard */ = {
			isa = PBXVariantGroup;
			children = (
				24757E1218D593CD006D2D16 /* Base */,
			);
			name = Main_iPad.storyboard;
			sourceTree = "<group>";
		};
		24757E2718D593CD006D2D16 /* InfoPlist.strings */ = {
			isa = PBXVariantGroup;
			children = (
				24757E2818D593CD006D2D16 /* en */,
			);
			name = InfoPlist.strings;
			sourceTree = "<group>";
		};
/* End PBXVariantGroup section */

/* Begin XCBuildConfiguration section */
		24757E2C18D593CD006D2D16 /* Debug */ = {
			isa = XCBuildConfiguration;
			buildSettings = {
				ALWAYS_SEARCH_USER_PATHS = NO;
				CLANG_CXX_LANGUAGE_STANDARD = "gnu++0x";
				CLANG_CXX_LIBRARY = "libc++";
				CLANG_ENABLE_MODULES = YES;
				CLANG_ENABLE_OBJC_ARC = YES;
				CLANG_WARN_BOOL_CONVERSION = YES;
				CLANG_WARN_CONSTANT_CONVERSION = YES;
				CLANG_WARN_DIRECT_OBJC_ISA_USAGE = YES_ERROR;
				CLANG_WARN_EMPTY_BODY = YES;
				CLANG_WARN_ENUM_CONVERSION = YES;
				CLANG_WARN_INT_CONVERSION = YES;
				CLANG_WARN_OBJC_ROOT_CLASS = YES_ERROR;
				CLANG_WARN__DUPLICATE_METHOD_MATCH = YES;
				"CODE_SIGN_IDENTITY[sdk=iphoneos*]" = "iPhone Developer";
				COPY_PHASE_STRIP = NO;
				GCC_C_LANGUAGE_STANDARD = gnu99;
				GCC_DYNAMIC_NO_PIC = NO;
				GCC_OPTIMIZATION_LEVEL = 0;
				GCC_PREPROCESSOR_DEFINITIONS = (
					"DEBUG=1",
					"$(inherited)",
				);
				GCC_SYMBOLS_PRIVATE_EXTERN = NO;
				GCC_WARN_64_TO_32_BIT_CONVERSION = YES;
				GCC_WARN_ABOUT_RETURN_TYPE = YES_ERROR;
				GCC_WARN_UNDECLARED_SELECTOR = YES;
				GCC_WARN_UNINITIALIZED_AUTOS = YES_AGGRESSIVE;
				GCC_WARN_UNUSED_FUNCTION = YES;
				GCC_WARN_UNUSED_VARIABLE = YES;
				IPHONEOS_DEPLOYMENT_TARGET = 7.1;
				ONLY_ACTIVE_ARCH = YES;
				SDKROOT = iphoneos;
				TARGETED_DEVICE_FAMILY = "1,2";
			};
			name = Debug;
		};
		24757E2D18D593CD006D2D16 /* Release */ = {
			isa = XCBuildConfiguration;
			buildSettings = {
				ALWAYS_SEARCH_USER_PATHS = NO;
				CLANG_CXX_LANGUAGE_STANDARD = "gnu++0x";
				CLANG_CXX_LIBRARY = "libc++";
				CLANG_ENABLE_MODULES = YES;
				CLANG_ENABLE_OBJC_ARC = YES;
				CLANG_WARN_BOOL_CONVERSION = YES;
				CLANG_WARN_CONSTANT_CONVERSION = YES;
				CLANG_WARN_DIRECT_OBJC_ISA_USAGE = YES_ERROR;
				CLANG_WARN_EMPTY_BODY = YES;
				CLANG_WARN_ENUM_CONVERSION = YES;
				CLANG_WARN_INT_CONVERSION = YES;
				CLANG_WARN_OBJC_ROOT_CLASS = YES_ERROR;
				CLANG_WARN__DUPLICATE_METHOD_MATCH = YES;
				"CODE_SIGN_IDENTITY[sdk=iphoneos*]" = "iPhone Developer";
				COPY_PHASE_STRIP = YES;
				ENABLE_NS_ASSERTIONS = NO;
				GCC_C_LANGUAGE_STANDARD = gnu99;
				GCC_WARN_64_TO_32_BIT_CONVERSION = YES;
				GCC_WARN_ABOUT_RETURN_TYPE = YES_ERROR;
				GCC_WARN_UNDECLARED_SELECTOR = YES;
				GCC_WARN_UNINITIALIZED_AUTOS = YES_AGGRESSIVE;
				GCC_WARN_UNUSED_FUNCTION = YES;
				GCC_WARN_UNUSED_VARIABLE = YES;
				IPHONEOS_DEPLOYMENT_TARGET = 7.1;
				SDKROOT = iphoneos;
				TARGETED_DEVICE_FAMILY = "1,2";
				VALIDATE_PRODUCT = YES;
			};
			name = Release;
		};
		24757E2F18D593CD006D2D16 /* Debug */ = {
			isa = XCBuildConfiguration;
			buildSettings = {
				ASSETCATALOG_COMPILER_APPICON_NAME = AppIcon;
				ASSETCATALOG_COMPILER_LAUNCHIMAGE_NAME = LaunchImage;
				GCC_PRECOMPILE_PREFIX_HEADER = YES;
				GCC_PREFIX_HEADER = "AddContact/AddContact-Prefix.pch";
				INFOPLIST_FILE = "AddContact/AddContact-Info.plist";
				PRODUCT_NAME = "$(TARGET_NAME)";
				WRAPPER_EXTENSION = app;
			};
			name = Debug;
		};
		24757E3018D593CD006D2D16 /* Release */ = {
			isa = XCBuildConfiguration;
			buildSettings = {
				ASSETCATALOG_COMPILER_APPICON_NAME = AppIcon;
				ASSETCATALOG_COMPILER_LAUNCHIMAGE_NAME = LaunchImage;
				GCC_PRECOMPILE_PREFIX_HEADER = YES;
				GCC_PREFIX_HEADER = "AddContact/AddContact-Prefix.pch";
				INFOPLIST_FILE = "AddContact/AddContact-Info.plist";
				PRODUCT_NAME = "$(TARGET_NAME)";
				WRAPPER_EXTENSION = app;
			};
			name = Release;
		};
		24757E3218D593CD006D2D16 /* Debug */ = {
			isa = XCBuildConfiguration;
			buildSettings = {
				BUNDLE_LOADER = "$(BUILT_PRODUCTS_DIR)/AddContact.app/AddContact";
				FRAMEWORK_SEARCH_PATHS = (
					"$(SDKROOT)/Developer/Library/Frameworks",
					"$(inherited)",
					"$(DEVELOPER_FRAMEWORKS_DIR)",
				);
				GCC_PRECOMPILE_PREFIX_HEADER = YES;
				GCC_PREFIX_HEADER = "AddContact/AddContact-Prefix.pch";
				GCC_PREPROCESSOR_DEFINITIONS = (
					"DEBUG=1",
					"$(inherited)",
				);
				INFOPLIST_FILE = "AddContactTests/AddContactTests-Info.plist";
				PRODUCT_NAME = "$(TARGET_NAME)";
				TEST_HOST = "$(BUNDLE_LOADER)";
				WRAPPER_EXTENSION = xctest;
			};
			name = Debug;
		};
		24757E3318D593CD006D2D16 /* Release */ = {
			isa = XCBuildConfiguration;
			buildSettings = {
				BUNDLE_LOADER = "$(BUILT_PRODUCTS_DIR)/AddContact.app/AddContact";
				FRAMEWORK_SEARCH_PATHS = (
					"$(SDKROOT)/Developer/Library/Frameworks",
					"$(inherited)",
					"$(DEVELOPER_FRAMEWORKS_DIR)",
				);
				GCC_PRECOMPILE_PREFIX_HEADER = YES;
				GCC_PREFIX_HEADER = "AddContact/AddContact-Prefix.pch";
				INFOPLIST_FILE = "AddContactTests/AddContactTests-Info.plist";
				PRODUCT_NAME = "$(TARGET_NAME)";
				TEST_HOST = "$(BUNDLE_LOADER)";
				WRAPPER_EXTENSION = xctest;
			};
			name = Release;
		};
/* End XCBuildConfiguration section */

/* Begin XCConfigurationList section */
		24757DF418D593CD006D2D16 /* Build configuration list for PBXProject "AddContact" */ = {
			isa = XCConfigurationList;
			buildConfigurations = (
				24757E2C18D593CD006D2D16 /* Debug */,
				24757E2D18D593CD006D2D16 /* Release */,
			);
			defaultConfigurationIsVisible = 0;
			defaultConfigurationName = Release;
		};
		24757E2E18D593CD006D2D16 /* Build configuration list for PBXNativeTarget "AddContact" */ = {
			isa = XCConfigurationList;
			buildConfigurations = (
				24757E2F18D593CD006D2D16 /* Debug */,
				24757E3018D593CD006D2D16 /* Release */,
			);
			defaultConfigurationIsVisible = 0;
			defaultConfigurationName = Release;
		};
		24757E3118D593CD006D2D16 /* Build configuration list for PBXNativeTarget "AddContactTests" */ = {
			isa = XCConfigurationList;
			buildConfigurations = (
				24757E3218D593CD006D2D16 /* Debug */,
				24757E3318D593CD006D2D16 /* Release */,
			);
			defaultConfigurationIsVisible = 0;
			defaultConfigurationName = Release;
		};
/* End XCConfigurationList section */
	};
	rootObject = 24757DF118D593CD006D2D16 /* Project object */;
}
